
Microsoft Visual Studio Solution File, Format Version 12.00
# Visual Studio 15
VisualStudioVersion = 15.0.27004.2010
MinimumVisualStudioVersion = 10.0.40219.1
Project("{FAE04EC0-301F-11D3-BF4B-00C04F79EFBC}") = "NET.W.2017.Shklianik.16", "NET.W.2017.Shklianik.16\NET.W.2017.Shklianik.16.csproj", "{74AEE9E3-E862-4712-A8E8-062B62218F61}"
EndProject
Global
	GlobalSection(SolutionConfigurationPlatforms) = preSolution
		Debug|Any CPU = Debug|Any CPU
		Release|Any CPU = Release|Any CPU
	EndGlobalSection
	GlobalSection(ProjectConfigurationPlatforms) = postSolution
		{74AEE9E3-E862-4712-A8E8-062B62218F61}.Debug|Any CPU.ActiveCfg = Debug|Any CPU
		{74AEE9E3-E862-4712-A8E8-062B62218F61}.Debug|Any CPU.Build.0 = Debug|Any CPU
		{74AEE9E3-E862-4712-A8E8-062B62218F61}.Release|Any CPU.ActiveCfg = Release|Any CPU
		{74AEE9E3-E862-4712-A8E8-062B62218F61}.Release|Any CPU.Build.0 = Release|Any CPU
	EndGlobalSection
	GlobalSection(SolutionProperties) = preSolution
		HideSolutionNode = FALSE
	EndGlobalSection
	GlobalSection(ExtensibilityGlobals) = postSolution
		SolutionGuid = {8BD1A473-3DD2-43D1-9F2C-76D270E36514}
	EndGlobalSection
EndGlobal
